
Microsoft Visual Studio Solution File, Format Version 12.00
# Visual Studio Version 17
VisualStudioVersion = 17.9.34622.214
MinimumVisualStudioVersion = 10.0.40219.1
Project("{FAE04EC0-301F-11D3-BF4B-00C04F79EFBC}") = "Dlithe_CSharp", "Dlithe_CSharp\Dlithe_CSharp.csproj", "{5BA88899-489B-4A47-A8D7-AA4B4299F9D2}"
EndProject
Global
	GlobalSection(SolutionConfigurationPlatforms) = preSolution
		Debug|Any CPU = Debug|Any CPU
		Release|Any CPU = Release|Any CPU
	EndGlobalSection
	GlobalSection(ProjectConfigurationPlatforms) = postSolution
		{5BA88899-489B-4A47-A8D7-AA4B4299F9D2}.Debug|Any CPU.ActiveCfg = Debug|Any CPU
		{5BA88899-489B-4A47-A8D7-AA4B4299F9D2}.Debug|Any CPU.Build.0 = Debug|Any CPU
		{5BA88899-489B-4A47-A8D7-AA4B4299F9D2}.Release|Any CPU.ActiveCfg = Release|Any CPU
		{5BA88899-489B-4A47-A8D7-AA4B4299F9D2}.Release|Any CPU.Build.0 = Release|Any CPU
	EndGlobalSection
	GlobalSection(SolutionProperties) = preSolution
		HideSolutionNode = FALSE
	EndGlobalSection
	GlobalSection(ExtensibilityGlobals) = postSolution
		SolutionGuid = {A9C042E4-BEBF-4538-8216-C7A0812696FF}
	EndGlobalSection
EndGlobal
